
Microsoft Visual Studio Solution File, Format Version 12.00
# Visual Studio 15
VisualStudioVersion = 15.0.28307.852
MinimumVisualStudioVersion = 10.0.40219.1
Project("{FAE04EC0-301F-11D3-BF4B-00C04F79EFBC}") = "BlogApp.WebUI", "BlogApp.WebUI\BlogApp.WebUI.csproj", "{CE900925-6005-4F9C-85CF-62185AE74C05}"
EndProject
Project("{FAE04EC0-301F-11D3-BF4B-00C04F79EFBC}") = "BlogApp.Entity", "BlogApp.Entity\BlogApp.Entity.csproj", "{A1B17EB6-D940-4079-8242-E5B17C731317}"
EndProject
Project("{FAE04EC0-301F-11D3-BF4B-00C04F79EFBC}") = "BlogApp.Data", "BlogApp.Data\BlogApp.Data.csproj", "{0FE0B07E-6721-4069-83A3-BD906F8AA515}"
EndProject
Global
	GlobalSection(SolutionConfigurationPlatforms) = preSolution
		Debug|Any CPU = Debug|Any CPU
		Release|Any CPU = Release|Any CPU
	EndGlobalSection
	GlobalSection(ProjectConfigurationPlatforms) = postSolution
		{CE900925-6005-4F9C-85CF-62185AE74C05}.Debug|Any CPU.ActiveCfg = Debug|Any CPU
		{CE900925-6005-4F9C-85CF-62185AE74C05}.Debug|Any CPU.Build.0 = Debug|Any CPU
		{CE900925-6005-4F9C-85CF-62185AE74C05}.Release|Any CPU.ActiveCfg = Release|Any CPU
		{CE900925-6005-4F9C-85CF-62185AE74C05}.Release|Any CPU.Build.0 = Release|Any CPU
		{A1B17EB6-D940-4079-8242-E5B17C731317}.Debug|Any CPU.ActiveCfg = Debug|Any CPU
		{A1B17EB6-D940-4079-8242-E5B17C731317}.Debug|Any CPU.Build.0 = Debug|Any CPU
		{A1B17EB6-D940-4079-8242-E5B17C731317}.Release|Any CPU.ActiveCfg = Release|Any CPU
		{A1B17EB6-D940-4079-8242-E5B17C731317}.Release|Any CPU.Build.0 = Release|Any CPU
		{0FE0B07E-6721-4069-83A3-BD906F8AA515}.Debug|Any CPU.ActiveCfg = Debug|Any CPU
		{0FE0B07E-6721-4069-83A3-BD906F8AA515}.Debug|Any CPU.Build.0 = Debug|Any CPU
		{0FE0B07E-6721-4069-83A3-BD906F8AA515}.Release|Any CPU.ActiveCfg = Release|Any CPU
		{0FE0B07E-6721-4069-83A3-BD906F8AA515}.Release|Any CPU.Build.0 = Release|Any CPU
	EndGlobalSection
	GlobalSection(SolutionProperties) = preSolution
		HideSolutionNode = FALSE
	EndGlobalSection
	GlobalSection(ExtensibilityGlobals) = postSolution
		SolutionGuid = {D63A3120-4DF0-4653-97BB-D92A36941FEA}
	EndGlobalSection
EndGlobal
